
Microsoft Visual Studio Solution File, Format Version 12.00
# Visual Studio Version 16
VisualStudioVersion = 16.0.29806.167
MinimumVisualStudioVersion = 10.0.40219.1
Project("{F2A71F9B-5D33-465A-A702-920D77279786}") = "Sufaa", "Sufaa.fsproj", "{B5840189-5365-4B4D-98B0-8AC6914CDD29}"
EndProject
Project("{F2A71F9B-5D33-465A-A702-920D77279786}") = "SufaaTest", "..\SufaaTest\SufaaTest.fsproj", "{B3ABD1DF-B01D-47BB-ACB9-4DEE00FB9E26}"
EndProject
Global
	GlobalSection(SolutionConfigurationPlatforms) = preSolution
		Debug|Any CPU = Debug|Any CPU
		Release|Any CPU = Release|Any CPU
	EndGlobalSection
	GlobalSection(ProjectConfigurationPlatforms) = postSolution
		{B5840189-5365-4B4D-98B0-8AC6914CDD29}.Debug|Any CPU.ActiveCfg = Debug|Any CPU
		{B5840189-5365-4B4D-98B0-8AC6914CDD29}.Debug|Any CPU.Build.0 = Debug|Any CPU
		{B5840189-5365-4B4D-98B0-8AC6914CDD29}.Release|Any CPU.ActiveCfg = Release|Any CPU
		{B5840189-5365-4B4D-98B0-8AC6914CDD29}.Release|Any CPU.Build.0 = Release|Any CPU
		{B3ABD1DF-B01D-47BB-ACB9-4DEE00FB9E26}.Debug|Any CPU.ActiveCfg = Debug|Any CPU
		{B3ABD1DF-B01D-47BB-ACB9-4DEE00FB9E26}.Debug|Any CPU.Build.0 = Debug|Any CPU
		{B3ABD1DF-B01D-47BB-ACB9-4DEE00FB9E26}.Release|Any CPU.ActiveCfg = Release|Any CPU
		{B3ABD1DF-B01D-47BB-ACB9-4DEE00FB9E26}.Release|Any CPU.Build.0 = Release|Any CPU
	EndGlobalSection
	GlobalSection(SolutionProperties) = preSolution
		HideSolutionNode = FALSE
	EndGlobalSection
	GlobalSection(ExtensibilityGlobals) = postSolution
		SolutionGuid = {2804BF3B-2334-43A8-B12F-AFC4C0CA1F95}
	EndGlobalSection
EndGlobal
